schema: '2.0'
stages:
  clean:
    cmd: python src/clean.py
    deps:
    - path: data/raw/events.csv
      hash: md5
      md5: 431ff8b1e99f6c5ac0a423d9e37ac2a9
      size: 73240
    - path: src/clean.py
      hash: md5
      md5: 1ab3444114170ce8cfd8bb829bfe2af8
      size: 563
    outs:
    - path: data/clean/events.csv
      hash: md5
      md5: 74819a0b519f48c0df300112cebe1993
      size: 57802
  transform:
    cmd: python src/transform.py
    deps:
    - path: data/raw/events.csv
      hash: md5
      md5: 431ff8b1e99f6c5ac0a423d9e37ac2a9
      size: 73240
    - path: src/transform.py
      hash: md5
      md5: 54a50481b39d56a9efda079d5e38650c
      size: 286
    outs:
    - path: data/transformed/events.csv
      hash: md5
      md5: 58636309393d9fdf0722faa3cd241cfe
      size: 107792
  features:
    cmd: python src/features.py
    deps:
    - path: data/transformed/events.csv
      hash: md5
      md5: 58636309393d9fdf0722faa3cd241cfe
      size: 107792
    - path: src/features.py
      hash: md5
      md5: db9834cd4109d2cc2de1d0dc7a54f7df
      size: 360
    outs:
    - path: data/features/events.csv
      hash: md5
      md5: b0356130a2051ac2c4dd3447c1ee72a8
      size: 143814
