schema: '2.0'
stages:
  clean:
    cmd: python src/clean.py
    deps:
    - path: data/raw/events.csv
      hash: md5
      md5: 431ff8b1e99f6c5ac0a423d9e37ac2a9
      size: 73240
    - path: src/clean.py
      hash: md5
      md5: 33429dc8a9e8cb16f33bc49e47b6116b
      size: 502
    outs:
    - path: data/clean/events.csv
      hash: md5
      md5: 14a0fecf4f818c3b7a11f38fafc5b6cf
      size: 61026
  transform:
    cmd: python src/transform.py
    deps:
    - path: data/raw/events.csv
      hash: md5
      md5: 431ff8b1e99f6c5ac0a423d9e37ac2a9
      size: 73240
    - path: src/transform.py
      hash: md5
      md5: cc40466af3015465c22f3807f6d4c068
      size: 280
    outs:
    - path: data/transformed/events.csv
      hash: md5
      md5: 2a1d3291b3b1ee2d0113c168f354ebd5
      size: 78763
  features:
    cmd: python src/features.py
    deps:
    - path: data/transformed/events.csv
      hash: md5
      md5: 2a1d3291b3b1ee2d0113c168f354ebd5
      size: 78763
    - path: src/features.py
      hash: md5
      md5: 6e24a6d12da121f8046314ba9407c089
      size: 374
    outs:
    - path: data/features/events.csv
      hash: md5
      md5: 78723990b0e1089589d2b97ba27fd0b2
      size: 114785
